// !$*UTF8*$!
{
	archiveVersion = 1;
	classes = {
	};
	objectVersion = 56;
	objects = {

/* Begin PBXBuildFile section */
		C41911A42C14EC0800FD5154 /* AppSettingsPreview.swift in Sources */ = {isa = PBXBuildFile; fileRef = C41911A32C14EC0800FD5154 /* AppSettingsPreview.swift */; };
		C42696442C1429AF005990A0 /* TimeLineRequest.swift in Sources */ = {isa = PBXBuildFile; fileRef = C42696432C1429AF005990A0 /* TimeLineRequest.swift */; };
		C42696462C145A78005990A0 /* TimeLineType.swift in Sources */ = {isa = PBXBuildFile; fileRef = C42696452C145A78005990A0 /* TimeLineType.swift */; };
		C428619A2C14C930006842BF /* PostView.swift in Sources */ = {isa = PBXBuildFile; fileRef = C42861992C14C930006842BF /* PostView.swift */; };
		C44F66452C10F86400D5B653 /* BetterCodable in Frameworks */ = {isa = PBXBuildFile; productRef = C44F66442C10F86400D5B653 /* BetterCodable */; };
		C44F664A2C10F8ED00D5B653 /* MKNote.swift in Sources */ = {isa = PBXBuildFile; fileRef = C44F66492C10F8ED00D5B653 /* MKNote.swift */; };
		C44F664C2C10F90A00D5B653 /* MKEmoji.swift in Sources */ = {isa = PBXBuildFile; fileRef = C44F664B2C10F90A00D5B653 /* MKEmoji.swift */; };
		C44F664E2C10F91C00D5B653 /* MKUser.swift in Sources */ = {isa = PBXBuildFile; fileRef = C44F664D2C10F91C00D5B653 /* MKUser.swift */; };
		C44F66502C10F95D00D5B653 /* MKInstance.swift in Sources */ = {isa = PBXBuildFile; fileRef = C44F664F2C10F95D00D5B653 /* MKInstance.swift */; };
		C44F66522C10F9EC00D5B653 /* MKDriveFile.swift in Sources */ = {isa = PBXBuildFile; fileRef = C44F66512C10F9EC00D5B653 /* MKDriveFile.swift */; };
		C44F66552C11A64D00D5B653 /* TimeLine.swift in Sources */ = {isa = PBXBuildFile; fileRef = C44F66542C11A64D00D5B653 /* TimeLine.swift */; };
		C44F665A2C11CAB700D5B653 /* RichText.swift in Sources */ = {isa = PBXBuildFile; fileRef = C44F66592C11CAB700D5B653 /* RichText.swift */; };
		C44F665D2C11E52500D5B653 /* IntroView.swift in Sources */ = {isa = PBXBuildFile; fileRef = C44F665C2C11E52500D5B653 /* IntroView.swift */; };
		C44F665F2C12026200D5B653 /* AboutView.swift in Sources */ = {isa = PBXBuildFile; fileRef = C44F665E2C12026200D5B653 /* AboutView.swift */; };
		C44F66622C12161F00D5B653 /* LICENSE in Resources */ = {isa = PBXBuildFile; fileRef = C44F66612C12161F00D5B653 /* LICENSE */; };
		C44F66642C12314900D5B653 /* MKAPIRequest.swift in Sources */ = {isa = PBXBuildFile; fileRef = C44F66632C12314900D5B653 /* MKAPIRequest.swift */; };
		C47072F02C1388E300CEBE51 /* TimeLineControls.swift in Sources */ = {isa = PBXBuildFile; fileRef = C47072EF2C1388E300CEBE51 /* TimeLineControls.swift */; };
		C47ED9B22C14384900460523 /* PostTimeShort.swift in Sources */ = {isa = PBXBuildFile; fileRef = C47ED9B12C14384900460523 /* PostTimeShort.swift */; };
		C47ED9B42C1449B700460523 /* OpenLink.swift in Sources */ = {isa = PBXBuildFile; fileRef = C47ED9B32C1449B700460523 /* OpenLink.swift */; };
		C47ED9B62C144C9A00460523 /* PostFiles.swift in Sources */ = {isa = PBXBuildFile; fileRef = C47ED9B52C144C9A00460523 /* PostFiles.swift */; };
		C47ED9D12C14928C00460523 /* Nuke in Frameworks */ = {isa = PBXBuildFile; productRef = C47ED9D02C14928C00460523 /* Nuke */; };
		C47ED9D32C14928C00460523 /* NukeExtensions in Frameworks */ = {isa = PBXBuildFile; productRef = C47ED9D22C14928C00460523 /* NukeExtensions */; };
		C47ED9D52C14928C00460523 /* NukeUI in Frameworks */ = {isa = PBXBuildFile; productRef = C47ED9D42C14928C00460523 /* NukeUI */; };
		C47ED9D82C1492EE00460523 /* NukeWebP in Frameworks */ = {isa = PBXBuildFile; productRef = C47ED9D72C1492EE00460523 /* NukeWebP */; };
		C47ED9DA2C1492EE00460523 /* NukeWebPAdvanced in Frameworks */ = {isa = PBXBuildFile; productRef = C47ED9D92C1492EE00460523 /* NukeWebPAdvanced */; };
		C47ED9DC2C1492EE00460523 /* NukeWebPBasic in Frameworks */ = {isa = PBXBuildFile; productRef = C47ED9DB2C1492EE00460523 /* NukeWebPBasic */; };
		C48D90C12C0C65700001D4FD /* PostItem.swift in Sources */ = {isa = PBXBuildFile; fileRef = C48D90C02C0C65700001D4FD /* PostItem.swift */; };
		C48D90C42C0C701A0001D4FD /* SDWebImageSwiftUI in Frameworks */ = {isa = PBXBuildFile; productRef = C48D90C32C0C701A0001D4FD /* SDWebImageSwiftUI */; };
		C48D90C92C0C88150001D4FD /* SDWebImageWebPCoder in Frameworks */ = {isa = PBXBuildFile; productRef = C48D90C82C0C88150001D4FD /* SDWebImageWebPCoder */; };
		C4966F012C125DF200267433 /* QRCode in Frameworks */ = {isa = PBXBuildFile; productRef = C4966F002C125DF200267433 /* QRCode */; };
		C49C75D32C14D17300BD2EE6 /* MKCreatePostRequest.swift in Sources */ = {isa = PBXBuildFile; fileRef = C49C75D22C14D17300BD2EE6 /* MKCreatePostRequest.swift */; };
		C4C0C4CB2C0C578A00C61F4C /* PuffyHubApp.swift in Sources */ = {isa = PBXBuildFile; fileRef = C4C0C4CA2C0C578A00C61F4C /* PuffyHubApp.swift */; };
		C4C0C4CD2C0C578A00C61F4C /* ContentView.swift in Sources */ = {isa = PBXBuildFile; fileRef = C4C0C4CC2C0C578A00C61F4C /* ContentView.swift */; };
		C4C0C4CF2C0C578B00C61F4C /* Assets.xcassets in Resources */ = {isa = PBXBuildFile; fileRef = C4C0C4CE2C0C578B00C61F4C /* Assets.xcassets */; };
		C4C0C4D22C0C578B00C61F4C /* Preview Assets.xcassets in Resources */ = {isa = PBXBuildFile; fileRef = C4C0C4D12C0C578B00C61F4C /* Preview Assets.xcassets */; };
		C4D240BA2C149DF000252A9E /* PostRichText.swift in Sources */ = {isa = PBXBuildFile; fileRef = C4D240B92C149DF000252A9E /* PostRichText.swift */; };
		C4D240BE2C14B8BB00252A9E /* ResizeCGImage.swift in Sources */ = {isa = PBXBuildFile; fileRef = C4D240BD2C14B8BB00252A9E /* ResizeCGImage.swift */; };
		C4E97CEB2C13AF8D006642C7 /* MeView.swift in Sources */ = {isa = PBXBuildFile; fileRef = C4E97CEA2C13AF8D006642C7 /* MeView.swift */; };
/* End PBXBuildFile section */

/* Begin PBXFileReference section */
		C41911A32C14EC0800FD5154 /* AppSettingsPreview.swift */ = {isa = PBXFileReference; fileEncoding = 4; lastKnownFileType = sourcecode.swift; path = AppSettingsPreview.swift; sourceTree = "<group>"; };
		C42696432C1429AF005990A0 /* TimeLineRequest.swift */ = {isa = PBXFileReference; lastKnownFileType = sourcecode.swift; path = TimeLineRequest.swift; sourceTree = "<group>"; };
		C42696452C145A78005990A0 /* TimeLineType.swift */ = {isa = PBXFileReference; lastKnownFileType = sourcecode.swift; path = TimeLineType.swift; sourceTree = "<group>"; };
		C42861992C14C930006842BF /* PostView.swift */ = {isa = PBXFileReference; lastKnownFileType = sourcecode.swift; path = PostView.swift; sourceTree = "<group>"; };
		C44F66492C10F8ED00D5B653 /* MKNote.swift */ = {isa = PBXFileReference; lastKnownFileType = sourcecode.swift; path = MKNote.swift; sourceTree = "<group>"; };
		C44F664B2C10F90A00D5B653 /* MKEmoji.swift */ = {isa = PBXFileReference; lastKnownFileType = sourcecode.swift; path = MKEmoji.swift; sourceTree = "<group>"; };
		C44F664D2C10F91C00D5B653 /* MKUser.swift */ = {isa = PBXFileReference; lastKnownFileType = sourcecode.swift; path = MKUser.swift; sourceTree = "<group>"; };
		C44F664F2C10F95D00D5B653 /* MKInstance.swift */ = {isa = PBXFileReference; lastKnownFileType = sourcecode.swift; path = MKInstance.swift; sourceTree = "<group>"; };
		C44F66512C10F9EC00D5B653 /* MKDriveFile.swift */ = {isa = PBXFileReference; lastKnownFileType = sourcecode.swift; path = MKDriveFile.swift; sourceTree = "<group>"; };
		C44F66542C11A64D00D5B653 /* TimeLine.swift */ = {isa = PBXFileReference; lastKnownFileType = sourcecode.swift; path = TimeLine.swift; sourceTree = "<group>"; };
		C44F66592C11CAB700D5B653 /* RichText.swift */ = {isa = PBXFileReference; lastKnownFileType = sourcecode.swift; path = RichText.swift; sourceTree = "<group>"; };
		C44F665C2C11E52500D5B653 /* IntroView.swift */ = {isa = PBXFileReference; lastKnownFileType = sourcecode.swift; path = IntroView.swift; sourceTree = "<group>"; };
		C44F665E2C12026200D5B653 /* AboutView.swift */ = {isa = PBXFileReference; lastKnownFileType = sourcecode.swift; path = AboutView.swift; sourceTree = "<group>"; };
		C44F66612C12161F00D5B653 /* LICENSE */ = {isa = PBXFileReference; lastKnownFileType = text; path = LICENSE; sourceTree = "<group>"; };
		C44F66632C12314900D5B653 /* MKAPIRequest.swift */ = {isa = PBXFileReference; lastKnownFileType = sourcecode.swift; path = MKAPIRequest.swift; sourceTree = "<group>"; };
		C47072EF2C1388E300CEBE51 /* TimeLineControls.swift */ = {isa = PBXFileReference; lastKnownFileType = sourcecode.swift; path = TimeLineControls.swift; sourceTree = "<group>"; };
		C47ED9B12C14384900460523 /* PostTimeShort.swift */ = {isa = PBXFileReference; lastKnownFileType = sourcecode.swift; path = PostTimeShort.swift; sourceTree = "<group>"; };
		C47ED9B32C1449B700460523 /* OpenLink.swift */ = {isa = PBXFileReference; lastKnownFileType = sourcecode.swift; path = OpenLink.swift; sourceTree = "<group>"; };
		C47ED9B52C144C9A00460523 /* PostFiles.swift */ = {isa = PBXFileReference; lastKnownFileType = sourcecode.swift; path = PostFiles.swift; sourceTree = "<group>"; };
		C48D90C02C0C65700001D4FD /* PostItem.swift */ = {isa = PBXFileReference; lastKnownFileType = sourcecode.swift; path = PostItem.swift; sourceTree = "<group>"; };
		C49C75D22C14D17300BD2EE6 /* MKCreatePostRequest.swift */ = {isa = PBXFileReference; lastKnownFileType = sourcecode.swift; path = MKCreatePostRequest.swift; sourceTree = "<group>"; };
		C4C0C4C52C0C578A00C61F4C /* PuffyHub Watch App.app */ = {isa = PBXFileReference; explicitFileType = wrapper.application; includeInIndex = 0; path = "PuffyHub Watch App.app"; sourceTree = BUILT_PRODUCTS_DIR; };
		C4C0C4CA2C0C578A00C61F4C /* PuffyHubApp.swift */ = {isa = PBXFileReference; lastKnownFileType = sourcecode.swift; path = PuffyHubApp.swift; sourceTree = "<group>"; };
		C4C0C4CC2C0C578A00C61F4C /* ContentView.swift */ = {isa = PBXFileReference; lastKnownFileType = sourcecode.swift; path = ContentView.swift; sourceTree = "<group>"; };
		C4C0C4CE2C0C578B00C61F4C /* Assets.xcassets */ = {isa = PBXFileReference; lastKnownFileType = folder.assetcatalog; path = Assets.xcassets; sourceTree = "<group>"; };
		C4C0C4D12C0C578B00C61F4C /* Preview Assets.xcassets */ = {isa = PBXFileReference; lastKnownFileType = folder.assetcatalog; path = "Preview Assets.xcassets"; sourceTree = "<group>"; };
		C4D240B92C149DF000252A9E /* PostRichText.swift */ = {isa = PBXFileReference; lastKnownFileType = sourcecode.swift; path = PostRichText.swift; sourceTree = "<group>"; };
		C4D240BD2C14B8BB00252A9E /* ResizeCGImage.swift */ = {isa = PBXFileReference; lastKnownFileType = sourcecode.swift; path = ResizeCGImage.swift; sourceTree = "<group>"; };
		C4E97CEA2C13AF8D006642C7 /* MeView.swift */ = {isa = PBXFileReference; lastKnownFileType = sourcecode.swift; path = MeView.swift; sourceTree = "<group>"; };
/* End PBXFileReference section */

/* Begin PBXFrameworksBuildPhase section */
		C4C0C4C22C0C578A00C61F4C /* Frameworks */ = {
			isa = PBXFrameworksBuildPhase;
			buildActionMask = 2147483647;
			files = (
				C4966F012C125DF200267433 /* QRCode in Frameworks */,
				C47ED9D82C1492EE00460523 /* NukeWebP in Frameworks */,
				C47ED9D52C14928C00460523 /* NukeUI in Frameworks */,
				C44F66452C10F86400D5B653 /* BetterCodable in Frameworks */,
				C47ED9DA2C1492EE00460523 /* NukeWebPAdvanced in Frameworks */,
				C48D90C92C0C88150001D4FD /* SDWebImageWebPCoder in Frameworks */,
				C48D90C42C0C701A0001D4FD /* SDWebImageSwiftUI in Frameworks */,
				C47ED9D12C14928C00460523 /* Nuke in Frameworks */,
				C47ED9DC2C1492EE00460523 /* NukeWebPBasic in Frameworks */,
				C47ED9D32C14928C00460523 /* NukeExtensions in Frameworks */,
			);
			runOnlyForDeploymentPostprocessing = 0;
		};
/* End PBXFrameworksBuildPhase section */

/* Begin PBXGroup section */
		C41911A22C14EBDE00FD5154 /* Debug */ = {
			isa = PBXGroup;
			children = (
				C41911A32C14EC0800FD5154 /* AppSettingsPreview.swift */,
			);
			path = Debug;
			sourceTree = "<group>";
		};
		C42696422C14299E005990A0 /* TimeLine */ = {
			isa = PBXGroup;
			children = (
				C42696432C1429AF005990A0 /* TimeLineRequest.swift */,
				C42696452C145A78005990A0 /* TimeLineType.swift */,
			);
			path = TimeLine;
			sourceTree = "<group>";
		};
		C44F663E2C10F77900D5B653 /* Frameworks */ = {
			isa = PBXGroup;
			children = (
				C44F663F2C10F7AF00D5B653 /* Structs */,
				C44F66592C11CAB700D5B653 /* RichText.swift */,
				C44F66632C12314900D5B653 /* MKAPIRequest.swift */,
				C47ED9B32C1449B700460523 /* OpenLink.swift */,
				C4D240BD2C14B8BB00252A9E /* ResizeCGImage.swift */,
			);
			path = Frameworks;
			sourceTree = "<group>";
		};
		C44F663F2C10F7AF00D5B653 /* Structs */ = {
			isa = PBXGroup;
			children = (
				C42696422C14299E005990A0 /* TimeLine */,
				C44F66492C10F8ED00D5B653 /* MKNote.swift */,
				C44F664B2C10F90A00D5B653 /* MKEmoji.swift */,
				C44F664D2C10F91C00D5B653 /* MKUser.swift */,
				C44F664F2C10F95D00D5B653 /* MKInstance.swift */,
				C44F66512C10F9EC00D5B653 /* MKDriveFile.swift */,
				C49C75D22C14D17300BD2EE6 /* MKCreatePostRequest.swift */,
			);
			path = Structs;
			sourceTree = "<group>";
		};
		C44F66532C11A59D00D5B653 /* Components */ = {
			isa = PBXGroup;
			children = (
				C4D240B92C149DF000252A9E /* PostRichText.swift */,
				C48D90C02C0C65700001D4FD /* PostItem.swift */,
				C44F66542C11A64D00D5B653 /* TimeLine.swift */,
				C47072EF2C1388E300CEBE51 /* TimeLineControls.swift */,
				C47ED9B12C14384900460523 /* PostTimeShort.swift */,
				C47ED9B52C144C9A00460523 /* PostFiles.swift */,
			);
			path = Components;
			sourceTree = "<group>";
		};
		C44F665B2C11E51500D5B653 /* Views */ = {
			isa = PBXGroup;
			children = (
				C4C0C4CC2C0C578A00C61F4C /* ContentView.swift */,
				C44F665C2C11E52500D5B653 /* IntroView.swift */,
				C44F665E2C12026200D5B653 /* AboutView.swift */,
				C4E97CEA2C13AF8D006642C7 /* MeView.swift */,
				C42861992C14C930006842BF /* PostView.swift */,
			);
			path = Views;
			sourceTree = "<group>";
		};
		C44F66602C12160F00D5B653 /* Resources */ = {
			isa = PBXGroup;
			children = (
				C44F66612C12161F00D5B653 /* LICENSE */,
			);
			path = Resources;
			sourceTree = "<group>";
		};
		C4C0C4B82C0C578A00C61F4C = {
			isa = PBXGroup;
			children = (
				C4C0C4C92C0C578A00C61F4C /* PuffyHub */,
				C4C0C4C02C0C578A00C61F4C /* Products */,
			);
			sourceTree = "<group>";
		};
		C4C0C4C02C0C578A00C61F4C /* Products */ = {
			isa = PBXGroup;
			children = (
				C4C0C4C52C0C578A00C61F4C /* PuffyHub Watch App.app */,
			);
			name = Products;
			sourceTree = "<group>";
		};
		C4C0C4C92C0C578A00C61F4C /* PuffyHub */ = {
			isa = PBXGroup;
			children = (
				C41911A22C14EBDE00FD5154 /* Debug */,
				C44F66532C11A59D00D5B653 /* Components */,
				C44F663E2C10F77900D5B653 /* Frameworks */,
				C4C0C4D02C0C578B00C61F4C /* Preview Content */,
				C44F66602C12160F00D5B653 /* Resources */,
				C44F665B2C11E51500D5B653 /* Views */,
				C4C0C4CA2C0C578A00C61F4C /* PuffyHubApp.swift */,
				C4C0C4CE2C0C578B00C61F4C /* Assets.xcassets */,
			);
			path = PuffyHub;
			sourceTree = "<group>";
		};
		C4C0C4D02C0C578B00C61F4C /* Preview Content */ = {
			isa = PBXGroup;
			children = (
				C4C0C4D12C0C578B00C61F4C /* Preview Assets.xcassets */,
			);
			path = "Preview Content";
			sourceTree = "<group>";
		};
/* End PBXGroup section */

/* Begin PBXNativeTarget section */
		C4C0C4C42C0C578A00C61F4C /* PuffyHub Watch App */ = {
			isa = PBXNativeTarget;
			buildConfigurationList = C4C0C4EB2C0C578C00C61F4C /* Build configuration list for PBXNativeTarget "PuffyHub Watch App" */;
			buildPhases = (
				C4C0C4C12C0C578A00C61F4C /* Sources */,
				C4C0C4C22C0C578A00C61F4C /* Frameworks */,
				C4C0C4C32C0C578A00C61F4C /* Resources */,
			);
			buildRules = (
			);
			dependencies = (
			);
			name = "PuffyHub Watch App";
			packageProductDependencies = (
				C48D90C32C0C701A0001D4FD /* SDWebImageSwiftUI */,
				C48D90C82C0C88150001D4FD /* SDWebImageWebPCoder */,
				C44F66442C10F86400D5B653 /* BetterCodable */,
				C4966F002C125DF200267433 /* QRCode */,
				C47ED9D02C14928C00460523 /* Nuke */,
				C47ED9D22C14928C00460523 /* NukeExtensions */,
				C47ED9D42C14928C00460523 /* NukeUI */,
				C47ED9D72C1492EE00460523 /* NukeWebP */,
				C47ED9D92C1492EE00460523 /* NukeWebPAdvanced */,
				C47ED9DB2C1492EE00460523 /* NukeWebPBasic */,
			);
			productName = "PuffyHub Watch App";
			productReference = C4C0C4C52C0C578A00C61F4C /* PuffyHub Watch App.app */;
			productType = "com.apple.product-type.application";
		};
/* End PBXNativeTarget section */

/* Begin PBXProject section */
		C4C0C4B92C0C578A00C61F4C /* Project object */ = {
			isa = PBXProject;
			attributes = {
				BuildIndependentTargetsInParallel = 1;
				LastSwiftUpdateCheck = 1540;
				LastUpgradeCheck = 1540;
				TargetAttributes = {
					C4C0C4C42C0C578A00C61F4C = {
						CreatedOnToolsVersion = 15.3;
					};
				};
			};
			buildConfigurationList = C4C0C4BC2C0C578A00C61F4C /* Build configuration list for PBXProject "PuffyHub" */;
			compatibilityVersion = "Xcode 14.0";
			developmentRegion = en;
			hasScannedForEncodings = 0;
			knownRegions = (
				en,
				Base,
			);
			mainGroup = C4C0C4B82C0C578A00C61F4C;
			packageReferences = (
				C48D90C22C0C701A0001D4FD /* XCRemoteSwiftPackageReference "SDWebImageSwiftUI" */,
				C48D90C72C0C88150001D4FD /* XCRemoteSwiftPackageReference "SDWebImageWebPCoder" */,
				C44F66432C10F86400D5B653 /* XCRemoteSwiftPackageReference "BetterCodable" */,
				C4966EFF2C125DF200267433 /* XCRemoteSwiftPackageReference "QRCode" */,
				C47ED9CF2C14928C00460523 /* XCRemoteSwiftPackageReference "Nuke" */,
				C47ED9D62C1492EE00460523 /* XCRemoteSwiftPackageReference "NukeWebP" */,
			);
			productRefGroup = C4C0C4C02C0C578A00C61F4C /* Products */;
			projectDirPath = "";
			projectRoot = "";
			targets = (
				C4C0C4C42C0C578A00C61F4C /* PuffyHub Watch App */,
			);
		};
/* End PBXProject section */

/* Begin PBXResourcesBuildPhase section */
		C4C0C4C32C0C578A00C61F4C /* Resources */ = {
			isa = PBXResourcesBuildPhase;
			buildActionMask = 2147483647;
			files = (
				C44F66622C12161F00D5B653 /* LICENSE in Resources */,
				C4C0C4D22C0C578B00C61F4C /* Preview Assets.xcassets in Resources */,
				C4C0C4CF2C0C578B00C61F4C /* Assets.xcassets in Resources */,
			);
			runOnlyForDeploymentPostprocessing = 0;
		};
/* End PBXResourcesBuildPhase section */

/* Begin PBXSourcesBuildPhase section */
		C4C0C4C12C0C578A00C61F4C /* Sources */ = {
			isa = PBXSourcesBuildPhase;
			buildActionMask = 2147483647;
			files = (
				C47ED9B22C14384900460523 /* PostTimeShort.swift in Sources */,
				C44F664E2C10F91C00D5B653 /* MKUser.swift in Sources */,
				C48D90C12C0C65700001D4FD /* PostItem.swift in Sources */,
				C47ED9B62C144C9A00460523 /* PostFiles.swift in Sources */,
				C47072F02C1388E300CEBE51 /* TimeLineControls.swift in Sources */,
				C44F66642C12314900D5B653 /* MKAPIRequest.swift in Sources */,
				C47ED9B42C1449B700460523 /* OpenLink.swift in Sources */,
				C4E97CEB2C13AF8D006642C7 /* MeView.swift in Sources */,
				C44F66502C10F95D00D5B653 /* MKInstance.swift in Sources */,
				C42696442C1429AF005990A0 /* TimeLineRequest.swift in Sources */,
				C49C75D32C14D17300BD2EE6 /* MKCreatePostRequest.swift in Sources */,
				C44F665F2C12026200D5B653 /* AboutView.swift in Sources */,
				C44F664C2C10F90A00D5B653 /* MKEmoji.swift in Sources */,
				C44F665D2C11E52500D5B653 /* IntroView.swift in Sources */,
				C44F664A2C10F8ED00D5B653 /* MKNote.swift in Sources */,
				C428619A2C14C930006842BF /* PostView.swift in Sources */,
				C4C0C4CD2C0C578A00C61F4C /* ContentView.swift in Sources */,
				C41911A42C14EC0800FD5154 /* AppSettingsPreview.swift in Sources */,
				C44F66522C10F9EC00D5B653 /* MKDriveFile.swift in Sources */,
				C44F66552C11A64D00D5B653 /* TimeLine.swift in Sources */,
				C44F665A2C11CAB700D5B653 /* RichText.swift in Sources */,
				C42696462C145A78005990A0 /* TimeLineType.swift in Sources */,
				C4C0C4CB2C0C578A00C61F4C /* PuffyHubApp.swift in Sources */,
				C4D240BA2C149DF000252A9E /* PostRichText.swift in Sources */,
				C4D240BE2C14B8BB00252A9E /* ResizeCGImage.swift in Sources */,
			);
			runOnlyForDeploymentPostprocessing = 0;
		};
/* End PBXSourcesBuildPhase section */

/* Begin XCBuildConfiguration section */
		C4C0C4E92C0C578C00C61F4C /* Debug */ = {
			isa = XCBuildConfiguration;
			buildSettings = {
				ALWAYS_SEARCH_USER_PATHS = NO;
				ASSETCATALOG_COMPILER_GENERATE_SWIFT_ASSET_SYMBOL_EXTENSIONS = YES;
				CLANG_ANALYZER_NONNULL = YES;
				CLANG_ANALYZER_NUMBER_OBJECT_CONVERSION = YES_AGGRESSIVE;
				CLANG_CXX_LANGUAGE_STANDARD = "gnu++20";
				CLANG_ENABLE_MODULES = YES;
				CLANG_ENABLE_OBJC_ARC = YES;
				CLANG_ENABLE_OBJC_WEAK = YES;
				CLANG_WARN_BLOCK_CAPTURE_AUTORELEASING = YES;
				CLANG_WARN_BOOL_CONVERSION = YES;
				CLANG_WARN_COMMA = YES;
				CLANG_WARN_CONSTANT_CONVERSION = YES;
				CLANG_WARN_DEPRECATED_OBJC_IMPLEMENTATIONS = YES;
				CLANG_WARN_DIRECT_OBJC_ISA_USAGE = YES_ERROR;
				CLANG_WARN_DOCUMENTATION_COMMENTS = YES;
				CLANG_WARN_EMPTY_BODY = YES;
				CLANG_WARN_ENUM_CONVERSION = YES;
				CLANG_WARN_INFINITE_RECURSION = YES;
				CLANG_WARN_INT_CONVERSION = YES;
				CLANG_WARN_NON_LITERAL_NULL_CONVERSION = YES;
				CLANG_WARN_OBJC_IMPLICIT_RETAIN_SELF = YES;
				CLANG_WARN_OBJC_LITERAL_CONVERSION = YES;
				CLANG_WARN_OBJC_ROOT_CLASS = YES_ERROR;
				CLANG_WARN_QUOTED_INCLUDE_IN_FRAMEWORK_HEADER = YES;
				CLANG_WARN_RANGE_LOOP_ANALYSIS = YES;
				CLANG_WARN_STRICT_PROTOTYPES = YES;
				CLANG_WARN_SUSPICIOUS_MOVE = YES;
				CLANG_WARN_UNGUARDED_AVAILABILITY = YES_AGGRESSIVE;
				CLANG_WARN_UNREACHABLE_CODE = YES;
				CLANG_WARN__DUPLICATE_METHOD_MATCH = YES;
				COPY_PHASE_STRIP = NO;
				DEAD_CODE_STRIPPING = YES;
				DEBUG_INFORMATION_FORMAT = dwarf;
				ENABLE_STRICT_OBJC_MSGSEND = YES;
				ENABLE_TESTABILITY = YES;
				ENABLE_USER_SCRIPT_SANDBOXING = YES;
				GCC_C_LANGUAGE_STANDARD = gnu17;
				GCC_DYNAMIC_NO_PIC = NO;
				GCC_NO_COMMON_BLOCKS = YES;
				GCC_OPTIMIZATION_LEVEL = 0;
				GCC_PREPROCESSOR_DEFINITIONS = (
					"DEBUG=1",
					"$(inherited)",
				);
				GCC_WARN_64_TO_32_BIT_CONVERSION = YES;
				GCC_WARN_ABOUT_RETURN_TYPE = YES_ERROR;
				GCC_WARN_UNDECLARED_SELECTOR = YES;
				GCC_WARN_UNINITIALIZED_AUTOS = YES_AGGRESSIVE;
				GCC_WARN_UNUSED_FUNCTION = YES;
				GCC_WARN_UNUSED_VARIABLE = YES;
				LOCALIZATION_PREFERS_STRING_CATALOGS = YES;
				MTL_ENABLE_DEBUG_INFO = INCLUDE_SOURCE;
				MTL_FAST_MATH = YES;
				ONLY_ACTIVE_ARCH = YES;
				SWIFT_ACTIVE_COMPILATION_CONDITIONS = "DEBUG $(inherited)";
				SWIFT_OPTIMIZATION_LEVEL = "-Onone";
				WATCHOS_DEPLOYMENT_TARGET = 10.0;
			};
			name = Debug;
		};
		C4C0C4EA2C0C578C00C61F4C /* Release */ = {
			isa = XCBuildConfiguration;
			buildSettings = {
				ALWAYS_SEARCH_USER_PATHS = NO;
				ASSETCATALOG_COMPILER_GENERATE_SWIFT_ASSET_SYMBOL_EXTENSIONS = YES;
				CLANG_ANALYZER_NONNULL = YES;
				CLANG_ANALYZER_NUMBER_OBJECT_CONVERSION = YES_AGGRESSIVE;
				CLANG_CXX_LANGUAGE_STANDARD = "gnu++20";
				CLANG_ENABLE_MODULES = YES;
				CLANG_ENABLE_OBJC_ARC = YES;
				CLANG_ENABLE_OBJC_WEAK = YES;
				CLANG_WARN_BLOCK_CAPTURE_AUTORELEASING = YES;
				CLANG_WARN_BOOL_CONVERSION = YES;
				CLANG_WARN_COMMA = YES;
				CLANG_WARN_CONSTANT_CONVERSION = YES;
				CLANG_WARN_DEPRECATED_OBJC_IMPLEMENTATIONS = YES;
				CLANG_WARN_DIRECT_OBJC_ISA_USAGE = YES_ERROR;
				CLANG_WARN_DOCUMENTATION_COMMENTS = YES;
				CLANG_WARN_EMPTY_BODY = YES;
				CLANG_WARN_ENUM_CONVERSION = YES;
				CLANG_WARN_INFINITE_RECURSION = YES;
				CLANG_WARN_INT_CONVERSION = YES;
				CLANG_WARN_NON_LITERAL_NULL_CONVERSION = YES;
				CLANG_WARN_OBJC_IMPLICIT_RETAIN_SELF = YES;
				CLANG_WARN_OBJC_LITERAL_CONVERSION = YES;
				CLANG_WARN_OBJC_ROOT_CLASS = YES_ERROR;
				CLANG_WARN_QUOTED_INCLUDE_IN_FRAMEWORK_HEADER = YES;
				CLANG_WARN_RANGE_LOOP_ANALYSIS = YES;
				CLANG_WARN_STRICT_PROTOTYPES = YES;
				CLANG_WARN_SUSPICIOUS_MOVE = YES;
				CLANG_WARN_UNGUARDED_AVAILABILITY = YES_AGGRESSIVE;
				CLANG_WARN_UNREACHABLE_CODE = YES;
				CLANG_WARN__DUPLICATE_METHOD_MATCH = YES;
				COPY_PHASE_STRIP = NO;
				DEAD_CODE_STRIPPING = YES;
				DEBUG_INFORMATION_FORMAT = "dwarf-with-dsym";
				ENABLE_NS_ASSERTIONS = NO;
				ENABLE_STRICT_OBJC_MSGSEND = YES;
				ENABLE_USER_SCRIPT_SANDBOXING = YES;
				GCC_C_LANGUAGE_STANDARD = gnu17;
				GCC_NO_COMMON_BLOCKS = YES;
				GCC_WARN_64_TO_32_BIT_CONVERSION = YES;
				GCC_WARN_ABOUT_RETURN_TYPE = YES_ERROR;
				GCC_WARN_UNDECLARED_SELECTOR = YES;
				GCC_WARN_UNINITIALIZED_AUTOS = YES_AGGRESSIVE;
				GCC_WARN_UNUSED_FUNCTION = YES;
				GCC_WARN_UNUSED_VARIABLE = YES;
				LOCALIZATION_PREFERS_STRING_CATALOGS = YES;
				MTL_ENABLE_DEBUG_INFO = NO;
				MTL_FAST_MATH = YES;
				ONLY_ACTIVE_ARCH = YES;
				SWIFT_COMPILATION_MODE = wholemodule;
				WATCHOS_DEPLOYMENT_TARGET = 10.0;
			};
			name = Release;
		};
		C4C0C4EC2C0C578C00C61F4C /* Debug */ = {
			isa = XCBuildConfiguration;
			buildSettings = {
				ASSETCATALOG_COMPILER_APPICON_NAME = AppIcon;
				ASSETCATALOG_COMPILER_GLOBAL_ACCENT_COLOR_NAME = AccentColor;
				CODE_SIGN_STYLE = Automatic;
				CURRENT_PROJECT_VERSION = 13;
				DEVELOPMENT_ASSET_PATHS = "\"PuffyHub/Preview Content\"";
				DEVELOPMENT_TEAM = 644FU9Z647;
				ENABLE_PREVIEWS = NO;
				GENERATE_INFOPLIST_FILE = YES;
				INFOPLIST_KEY_CFBundleDisplayName = PuffyHub;
				INFOPLIST_KEY_LSApplicationCategoryType = "public.app-category.social-networking";
				INFOPLIST_KEY_UISupportedInterfaceOrientations = "UIInterfaceOrientationPortrait UIInterfaceOrientationPortraitUpsideDown";
				INFOPLIST_KEY_WKWatchOnly = YES;
				LD_RUNPATH_SEARCH_PATHS = (
					"$(inherited)",
					"@executable_path/Frameworks",
				);
				MARKETING_VERSION = 0.8.0;
				PRODUCT_BUNDLE_IDENTIFIER = com.alikia2x.PuffyHub.watchkitapp;
				PRODUCT_NAME = "$(TARGET_NAME)";
				SDKROOT = watchos;
				SKIP_INSTALL = YES;
				SWIFT_EMIT_LOC_STRINGS = YES;
				SWIFT_VERSION = 5.0;
				TARGETED_DEVICE_FAMILY = 4;
				WATCHOS_DEPLOYMENT_TARGET = 10.0;
			};
			name = Debug;
		};
		C4C0C4ED2C0C578C00C61F4C /* Release */ = {
			isa = XCBuildConfiguration;
			buildSettings = {
				ASSETCATALOG_COMPILER_APPICON_NAME = AppIcon;
				ASSETCATALOG_COMPILER_GLOBAL_ACCENT_COLOR_NAME = AccentColor;
				CODE_SIGN_STYLE = Automatic;
				CURRENT_PROJECT_VERSION = 13;
				DEVELOPMENT_ASSET_PATHS = "\"PuffyHub/Preview Content\"";
				DEVELOPMENT_TEAM = 644FU9Z647;
				ENABLE_PREVIEWS = NO;
				GENERATE_INFOPLIST_FILE = YES;
				INFOPLIST_KEY_CFBundleDisplayName = PuffyHub;
				INFOPLIST_KEY_LSApplicationCategoryType = "public.app-category.social-networking";
				INFOPLIST_KEY_UISupportedInterfaceOrientations = "UIInterfaceOrientationPortrait UIInterfaceOrientationPortraitUpsideDown";
				INFOPLIST_KEY_WKWatchOnly = YES;
				LD_RUNPATH_SEARCH_PATHS = (
					"$(inherited)",
					"@executable_path/Frameworks",
				);
				MARKETING_VERSION = 0.8.0;
				PRODUCT_BUNDLE_IDENTIFIER = com.alikia2x.PuffyHub.watchkitapp;
				PRODUCT_NAME = "$(TARGET_NAME)";
				SDKROOT = watchos;
				SKIP_INSTALL = YES;
				SWIFT_EMIT_LOC_STRINGS = YES;
				SWIFT_VERSION = 5.0;
				TARGETED_DEVICE_FAMILY = 4;
				VALIDATE_PRODUCT = YES;
				WATCHOS_DEPLOYMENT_TARGET = 10.0;
			};
			name = Release;
		};
/* End XCBuildConfiguration section */

/* Begin XCConfigurationList section */
		C4C0C4BC2C0C578A00C61F4C /* Build configuration list for PBXProject "PuffyHub" */ = {
			isa = XCConfigurationList;
			buildConfigurations = (
				C4C0C4E92C0C578C00C61F4C /* Debug */,
				C4C0C4EA2C0C578C00C61F4C /* Release */,
			);
			defaultConfigurationIsVisible = 0;
			defaultConfigurationName = Release;
		};
		C4C0C4EB2C0C578C00C61F4C /* Build configuration list for PBXNativeTarget "PuffyHub Watch App" */ = {
			isa = XCConfigurationList;
			buildConfigurations = (
				C4C0C4EC2C0C578C00C61F4C /* Debug */,
				C4C0C4ED2C0C578C00C61F4C /* Release */,
			);
			defaultConfigurationIsVisible = 0;
			defaultConfigurationName = Release;
		};
/* End XCConfigurationList section */

/* Begin XCRemoteSwiftPackageReference section */
		C44F66432C10F86400D5B653 /* XCRemoteSwiftPackageReference "BetterCodable" */ = {
			isa = XCRemoteSwiftPackageReference;
			repositoryURL = "https://github.com/marksands/BetterCodable";
			requirement = {
				kind = upToNextMajorVersion;
				minimumVersion = 0.4.0;
			};
		};
		C47ED9CF2C14928C00460523 /* XCRemoteSwiftPackageReference "Nuke" */ = {
			isa = XCRemoteSwiftPackageReference;
			repositoryURL = "https://github.com/kean/Nuke";
			requirement = {
				kind = upToNextMajorVersion;
				minimumVersion = 12.7.1;
			};
		};
		C47ED9D62C1492EE00460523 /* XCRemoteSwiftPackageReference "NukeWebP" */ = {
			isa = XCRemoteSwiftPackageReference;
			repositoryURL = "https://github.com/makleso6/NukeWebP";
			requirement = {
				kind = upToNextMajorVersion;
				minimumVersion = 1.1.1;
			};
		};
		C48D90C22C0C701A0001D4FD /* XCRemoteSwiftPackageReference "SDWebImageSwiftUI" */ = {
			isa = XCRemoteSwiftPackageReference;
			repositoryURL = "https://github.com/SDWebImage/SDWebImageSwiftUI";
			requirement = {
				branch = master;
				kind = branch;
			};
		};
		C48D90C72C0C88150001D4FD /* XCRemoteSwiftPackageReference "SDWebImageWebPCoder" */ = {
			isa = XCRemoteSwiftPackageReference;
			repositoryURL = "https://github.com/SDWebImage/SDWebImageWebPCoder";
			requirement = {
				kind = upToNextMajorVersion;
				minimumVersion = 0.14.6;
			};
		};
		C4966EFF2C125DF200267433 /* XCRemoteSwiftPackageReference "QRCode" */ = {
			isa = XCRemoteSwiftPackageReference;
			repositoryURL = "https://github.com/dagronf/QRCode";
			requirement = {
				kind = upToNextMajorVersion;
				minimumVersion = 19.2.0;
			};
		};
/* End XCRemoteSwiftPackageReference section */

/* Begin XCSwiftPackageProductDependency section */
		C44F66442C10F86400D5B653 /* BetterCodable */ = {
			isa = XCSwiftPackageProductDependency;
			package = C44F66432C10F86400D5B653 /* XCRemoteSwiftPackageReference "BetterCodable" */;
			productName = BetterCodable;
		};
		C47ED9D02C14928C00460523 /* Nuke */ = {
			isa = XCSwiftPackageProductDependency;
			package = C47ED9CF2C14928C00460523 /* XCRemoteSwiftPackageReference "Nuke" */;
			productName = Nuke;
		};
		C47ED9D22C14928C00460523 /* NukeExtensions */ = {
			isa = XCSwiftPackageProductDependency;
			package = C47ED9CF2C14928C00460523 /* XCRemoteSwiftPackageReference "Nuke" */;
			productName = NukeExtensions;
		};
		C47ED9D42C14928C00460523 /* NukeUI */ = {
			isa = XCSwiftPackageProductDependency;
			package = C47ED9CF2C14928C00460523 /* XCRemoteSwiftPackageReference "Nuke" */;
			productName = NukeUI;
		};
		C47ED9D72C1492EE00460523 /* NukeWebP */ = {
			isa = XCSwiftPackageProductDependency;
			package = C47ED9D62C1492EE00460523 /* XCRemoteSwiftPackageReference "NukeWebP" */;
			productName = NukeWebP;
		};
		C47ED9D92C1492EE00460523 /* NukeWebPAdvanced */ = {
			isa = XCSwiftPackageProductDependency;
			package = C47ED9D62C1492EE00460523 /* XCRemoteSwiftPackageReference "NukeWebP" */;
			productName = NukeWebPAdvanced;
		};
		C47ED9DB2C1492EE00460523 /* NukeWebPBasic */ = {
			isa = XCSwiftPackageProductDependency;
			package = C47ED9D62C1492EE00460523 /* XCRemoteSwiftPackageReference "NukeWebP" */;
			productName = NukeWebPBasic;
		};
		C48D90C32C0C701A0001D4FD /* SDWebImageSwiftUI */ = {
			isa = XCSwiftPackageProductDependency;
			package = C48D90C22C0C701A0001D4FD /* XCRemoteSwiftPackageReference "SDWebImageSwiftUI" */;
			productName = SDWebImageSwiftUI;
		};
		C48D90C82C0C88150001D4FD /* SDWebImageWebPCoder */ = {
			isa = XCSwiftPackageProductDependency;
			package = C48D90C72C0C88150001D4FD /* XCRemoteSwiftPackageReference "SDWebImageWebPCoder" */;
			productName = SDWebImageWebPCoder;
		};
		C4966F002C125DF200267433 /* QRCode */ = {
			isa = XCSwiftPackageProductDependency;
			package = C4966EFF2C125DF200267433 /* XCRemoteSwiftPackageReference "QRCode" */;
			productName = QRCode;
		};
/* End XCSwiftPackageProductDependency section */
	};
	rootObject = C4C0C4B92C0C578A00C61F4C /* Project object */;
}
